
Microsoft Visual Studio Solution File, Format Version 12.00
# Visual Studio Version 16
VisualStudioVersion = 16.0.33130.400
MinimumVisualStudioVersion = 10.0.40219.1
Project("{FAE04EC0-301F-11D3-BF4B-00C04F79EFBC}") = "Bootstrap", "Bootstrap\Bootstrap.csproj", "{63D62801-1ED5-4749-88F7-0FA6D21CEB3D}"
EndProject
Global
	GlobalSection(SolutionConfigurationPlatforms) = preSolution
		Debug|Any CPU = Debug|Any CPU
		Release|Any CPU = Release|Any CPU
	EndGlobalSection
	GlobalSection(ProjectConfigurationPlatforms) = postSolution
		{63D62801-1ED5-4749-88F7-0FA6D21CEB3D}.Debug|Any CPU.ActiveCfg = Debug|Any CPU
		{63D62801-1ED5-4749-88F7-0FA6D21CEB3D}.Debug|Any CPU.Build.0 = Debug|Any CPU
		{63D62801-1ED5-4749-88F7-0FA6D21CEB3D}.Release|Any CPU.ActiveCfg = Release|Any CPU
		{63D62801-1ED5-4749-88F7-0FA6D21CEB3D}.Release|Any CPU.Build.0 = Release|Any CPU
	EndGlobalSection
	GlobalSection(SolutionProperties) = preSolution
		HideSolutionNode = FALSE
	EndGlobalSection
	GlobalSection(ExtensibilityGlobals) = postSolution
		SolutionGuid = {C2A682C3-EA72-4B47-AC81-7D1D2E432B21}
	EndGlobalSection
EndGlobal
